// !$*UTF8*$!
{
	archiveVersion = 1;
	classes = {
	};
	objectVersion = 46;
	objects = {

/* Begin PBXBuildFile section */
		12DDC4D60028106E2F417F42 /* libPods-CocoaAyncSocketDemo.a in Frameworks */ = {isa = PBXBuildFile; fileRef = 35CD4051ADE66EA02841986A /* libPods-CocoaAyncSocketDemo.a */; };
		6519CA0B1F2C6BC8009B8ABD /* main.m in Sources */ = {isa = PBXBuildFile; fileRef = 6519CA0A1F2C6BC8009B8ABD /* main.m */; };
		6519CA0E1F2C6BC8009B8ABD /* AppDelegate.m in Sources */ = {isa = PBXBuildFile; fileRef = 6519CA0D1F2C6BC8009B8ABD /* AppDelegate.m */; };
		6519CA111F2C6BC8009B8ABD /* ViewController.m in Sources */ = {isa = PBXBuildFile; fileRef = 6519CA101F2C6BC8009B8ABD /* ViewController.m */; };
		6519CA141F2C6BC8009B8ABD /* Main.storyboard in Resources */ = {isa = PBXBuildFile; fileRef = 6519CA121F2C6BC8009B8ABD /* Main.storyboard */; };
		6519CA161F2C6BC8009B8ABD /* Assets.xcassets in Resources */ = {isa = PBXBuildFile; fileRef = 6519CA151F2C6BC8009B8ABD /* Assets.xcassets */; };
		6519CA191F2C6BC8009B8ABD /* LaunchScreen.storyboard in Resources */ = {isa = PBXBuildFile; fileRef = 6519CA171F2C6BC8009B8ABD /* LaunchScreen.storyboard */; };
		6519CA241F2C6BC8009B8ABD /* CocoaAyncSocketDemoTests.m in Sources */ = {isa = PBXBuildFile; fileRef = 6519CA231F2C6BC8009B8ABD /* CocoaAyncSocketDemoTests.m */; };
		6519CA2F1F2C6BC8009B8ABD /* CocoaAyncSocketDemoUITests.m in Sources */ = {isa = PBXBuildFile; fileRef = 6519CA2E1F2C6BC8009B8ABD /* CocoaAyncSocketDemoUITests.m */; };
		6519CA3F1F2C6BF8009B8ABD /* SocketDemo.m in Sources */ = {isa = PBXBuildFile; fileRef = 6519CA3E1F2C6BF8009B8ABD /* SocketDemo.m */; };
/* End PBXBuildFile section */

/* Begin PBXContainerItemProxy section */
		6519CA201F2C6BC8009B8ABD /* PBXContainerItemProxy */ = {
			isa = PBXContainerItemProxy;
			containerPortal = 6519C9FE1F2C6BC7009B8ABD /* Project object */;
			proxyType = 1;
			remoteGlobalIDString = 6519CA051F2C6BC8009B8ABD;
			remoteInfo = CocoaAyncSocketDemo;
		};
		6519CA2B1F2C6BC8009B8ABD /* PBXContainerItemProxy */ = {
			isa = PBXContainerItemProxy;
			containerPortal = 6519C9FE1F2C6BC7009B8ABD /* Project object */;
			proxyType = 1;
			remoteGlobalIDString = 6519CA051F2C6BC8009B8ABD;
			remoteInfo = CocoaAyncSocketDemo;
		};
/* End PBXContainerItemProxy section */

/* Begin PBXFileReference section */
		35CD4051ADE66EA02841986A /* libPods-CocoaAyncSocketDemo.a */ = {isa = PBXFileReference; explicitFileType = archive.ar; includeInIndex = 0; path = "libPods-CocoaAyncSocketDemo.a"; sourceTree = BUILT_PRODUCTS_DIR; };
		6519CA061F2C6BC8009B8ABD /* CocoaAyncSocketDemo.app */ = {isa = PBXFileReference; explicitFileType = wrapper.application; includeInIndex = 0; path = CocoaAyncSocketDemo.app; sourceTree = BUILT_PRODUCTS_DIR; };
		6519CA0A1F2C6BC8009B8ABD /* main.m */ = {isa = PBXFileReference; lastKnownFileType = sourcecode.c.objc; path = main.m; sourceTree = "<group>"; };
		6519CA0C1F2C6BC8009B8ABD /* AppDelegate.h */ = {isa = PBXFileReference; lastKnownFileType = sourcecode.c.h; path = AppDelegate.h; sourceTree = "<group>"; };
		6519CA0D1F2C6BC8009B8ABD /* AppDelegate.m */ = {isa = PBXFileReference; lastKnownFileType = sourcecode.c.objc; path = AppDelegate.m; sourceTree = "<group>"; };
		6519CA0F1F2C6BC8009B8ABD /* ViewController.h */ = {isa = PBXFileReference; lastKnownFileType = sourcecode.c.h; path = ViewController.h; sourceTree = "<group>"; };
		6519CA101F2C6BC8009B8ABD /* ViewController.m */ = {isa = PBXFileReference; lastKnownFileType = sourcecode.c.objc; path = ViewController.m; sourceTree = "<group>"; };
		6519CA131F2C6BC8009B8ABD /* Base */ = {isa = PBXFileReference; lastKnownFileType = file.storyboard; name = Base; path = Base.lproj/Main.storyboard; sourceTree = "<group>"; };
		6519CA151F2C6BC8009B8ABD /* Assets.xcassets */ = {isa = PBXFileReference; lastKnownFileType = folder.assetcatalog; path = Assets.xcassets; sourceTree = "<group>"; };
		6519CA181F2C6BC8009B8ABD /* Base */ = {isa = PBXFileReference; lastKnownFileType = file.storyboard; name = Base; path = Base.lproj/LaunchScreen.storyboard; sourceTree = "<group>"; };
		6519CA1A1F2C6BC8009B8ABD /* Info.plist */ = {isa = PBXFileReference; lastKnownFileType = text.plist.xml; path = Info.plist; sourceTree = "<group>"; };
		6519CA1F1F2C6BC8009B8ABD /* CocoaAyncSocketDemoTests.xctest */ = {isa = PBXFileReference; explicitFileType = wrapper.cfbundle; includeInIndex = 0; path = CocoaAyncSocketDemoTests.xctest; sourceTree = BUILT_PRODUCTS_DIR; };
		6519CA231F2C6BC8009B8ABD /* CocoaAyncSocketDemoTests.m */ = {isa = PBXFileReference; lastKnownFileType = sourcecode.c.objc; path = CocoaAyncSocketDemoTests.m; sourceTree = "<group>"; };
		6519CA251F2C6BC8009B8ABD /* Info.plist */ = {isa = PBXFileReference; lastKnownFileType = text.plist.xml; path = Info.plist; sourceTree = "<group>"; };
		6519CA2A1F2C6BC8009B8ABD /* CocoaAyncSocketDemoUITests.xctest */ = {isa = PBXFileReference; explicitFileType = wrapper.cfbundle; includeInIndex = 0; path = CocoaAyncSocketDemoUITests.xctest; sourceTree = BUILT_PRODUCTS_DIR; };
		6519CA2E1F2C6BC8009B8ABD /* CocoaAyncSocketDemoUITests.m */ = {isa = PBXFileReference; lastKnownFileType = sourcecode.c.objc; path = CocoaAyncSocketDemoUITests.m; sourceTree = "<group>"; };
		6519CA301F2C6BC8009B8ABD /* Info.plist */ = {isa = PBXFileReference; lastKnownFileType = text.plist.xml; path = Info.plist; sourceTree = "<group>"; };
		6519CA3D1F2C6BF8009B8ABD /* SocketDemo.h */ = {isa = PBXFileReference; fileEncoding = 4; lastKnownFileType = sourcecode.c.h; path = SocketDemo.h; sourceTree = "<group>"; };
		6519CA3E1F2C6BF8009B8ABD /* SocketDemo.m */ = {isa = PBXFileReference; fileEncoding = 4; lastKnownFileType = sourcecode.c.objc; path = SocketDemo.m; sourceTree = "<group>"; };
		81F11F6B53C3ACD6F33D243F /* Pods-CocoaAyncSocketDemo.debug.xcconfig */ = {isa = PBXFileReference; includeInIndex = 1; lastKnownFileType = text.xcconfig; name = "Pods-CocoaAyncSocketDemo.debug.xcconfig"; path = "Pods/Target Support Files/Pods-CocoaAyncSocketDemo/Pods-CocoaAyncSocketDemo.debug.xcconfig"; sourceTree = "<group>"; };
		988B6B379E8D32D2FC602BDE /* Pods-CocoaAyncSocketDemo.release.xcconfig */ = {isa = PBXFileReference; includeInIndex = 1; lastKnownFileType = text.xcconfig; name = "Pods-CocoaAyncSocketDemo.release.xcconfig"; path = "Pods/Target Support Files/Pods-CocoaAyncSocketDemo/Pods-CocoaAyncSocketDemo.release.xcconfig"; sourceTree = "<group>"; };
/* End PBXFileReference section */

/* Begin PBXFrameworksBuildPhase section */
		6519CA031F2C6BC8009B8ABD /* Frameworks */ = {
			isa = PBXFrameworksBuildPhase;
			buildActionMask = 2147483647;
			files = (
				12DDC4D60028106E2F417F42 /* libPods-CocoaAyncSocketDemo.a in Frameworks */,
			);
			runOnlyForDeploymentPostprocessing = 0;
		};
		6519CA1C1F2C6BC8009B8ABD /* Frameworks */ = {
			isa = PBXFrameworksBuildPhase;
			buildActionMask = 2147483647;
			files = (
			);
			runOnlyForDeploymentPostprocessing = 0;
		};
		6519CA271F2C6BC8009B8ABD /* Frameworks */ = {
			isa = PBXFrameworksBuildPhase;
			buildActionMask = 2147483647;
			files = (
			);
			runOnlyForDeploymentPostprocessing = 0;
		};
/* End PBXFrameworksBuildPhase section */

/* Begin PBXGroup section */
		6519C9FD1F2C6BC7009B8ABD = {
			isa = PBXGroup;
			children = (
				6519CA081F2C6BC8009B8ABD /* CocoaAyncSocketDemo */,
				6519CA221F2C6BC8009B8ABD /* CocoaAyncSocketDemoTests */,
				6519CA2D1F2C6BC8009B8ABD /* CocoaAyncSocketDemoUITests */,
				6519CA071F2C6BC8009B8ABD /* Products */,
				7A5E33261728586D853EB76A /* Pods */,
				999014F30BF27A4ACE24E20B /* Frameworks */,
			);
			sourceTree = "<group>";
		};
		6519CA071F2C6BC8009B8ABD /* Products */ = {
			isa = PBXGroup;
			children = (
				6519CA061F2C6BC8009B8ABD /* CocoaAyncSocketDemo.app */,
				6519CA1F1F2C6BC8009B8ABD /* CocoaAyncSocketDemoTests.xctest */,
				6519CA2A1F2C6BC8009B8ABD /* CocoaAyncSocketDemoUITests.xctest */,
			);
			name = Products;
			sourceTree = "<group>";
		};
		6519CA081F2C6BC8009B8ABD /* CocoaAyncSocketDemo */ = {
			isa = PBXGroup;
			children = (
				6519CA3C1F2C6BE7009B8ABD /* SocketDemo */,
				6519CA0F1F2C6BC8009B8ABD /* ViewController.h */,
				6519CA101F2C6BC8009B8ABD /* ViewController.m */,
				6519CA121F2C6BC8009B8ABD /* Main.storyboard */,
				6519CA091F2C6BC8009B8ABD /* Supporting Files */,
			);
			path = CocoaAyncSocketDemo;
			sourceTree = "<group>";
		};
		6519CA091F2C6BC8009B8ABD /* Supporting Files */ = {
			isa = PBXGroup;
			children = (
				6519CA0C1F2C6BC8009B8ABD /* AppDelegate.h */,
				6519CA0D1F2C6BC8009B8ABD /* AppDelegate.m */,
				6519CA151F2C6BC8009B8ABD /* Assets.xcassets */,
				6519CA171F2C6BC8009B8ABD /* LaunchScreen.storyboard */,
				6519CA1A1F2C6BC8009B8ABD /* Info.plist */,
				6519CA0A1F2C6BC8009B8ABD /* main.m */,
			);
			name = "Supporting Files";
			sourceTree = "<group>";
		};
		6519CA221F2C6BC8009B8ABD /* CocoaAyncSocketDemoTests */ = {
			isa = PBXGroup;
			children = (
				6519CA231F2C6BC8009B8ABD /* CocoaAyncSocketDemoTests.m */,
				6519CA251F2C6BC8009B8ABD /* Info.plist */,
			);
			path = CocoaAyncSocketDemoTests;
			sourceTree = "<group>";
		};
		6519CA2D1F2C6BC8009B8ABD /* CocoaAyncSocketDemoUITests */ = {
			isa = PBXGroup;
			children = (
				6519CA2E1F2C6BC8009B8ABD /* CocoaAyncSocketDemoUITests.m */,
				6519CA301F2C6BC8009B8ABD /* Info.plist */,
			);
			path = CocoaAyncSocketDemoUITests;
			sourceTree = "<group>";
		};
		6519CA3C1F2C6BE7009B8ABD /* SocketDemo */ = {
			isa = PBXGroup;
			children = (
				6519CA3D1F2C6BF8009B8ABD /* SocketDemo.h */,
				6519CA3E1F2C6BF8009B8ABD /* SocketDemo.m */,
			);
			path = SocketDemo;
			sourceTree = "<group>";
		};
		7A5E33261728586D853EB76A /* Pods */ = {
			isa = PBXGroup;
			children = (
				81F11F6B53C3ACD6F33D243F /* Pods-CocoaAyncSocketDemo.debug.xcconfig */,
				988B6B379E8D32D2FC602BDE /* Pods-CocoaAyncSocketDemo.release.xcconfig */,
			);
			name = Pods;
			sourceTree = "<group>";
		};
		999014F30BF27A4ACE24E20B /* Frameworks */ = {
			isa = PBXGroup;
			children = (
				35CD4051ADE66EA02841986A /* libPods-CocoaAyncSocketDemo.a */,
			);
			name = Frameworks;
			sourceTree = "<group>";
		};
/* End PBXGroup section */

/* Begin PBXNativeTarget section */
		6519CA051F2C6BC8009B8ABD /* CocoaAyncSocketDemo */ = {
			isa = PBXNativeTarget;
			buildConfigurationList = 6519CA331F2C6BC8009B8ABD /* Build configuration list for PBXNativeTarget "CocoaAyncSocketDemo" */;
			buildPhases = (
				51EC6C420CECB832CA3543C0 /* [CP] Check Pods Manifest.lock */,
				6519CA021F2C6BC8009B8ABD /* Sources */,
				6519CA031F2C6BC8009B8ABD /* Frameworks */,
				6519CA041F2C6BC8009B8ABD /* Resources */,
				EC3B372C3C48A143729CDCFE /* [CP] Embed Pods Frameworks */,
				83E52705B5193ACDFACC0449 /* [CP] Copy Pods Resources */,
			);
			buildRules = (
			);
			dependencies = (
			);
			name = CocoaAyncSocketDemo;
			productName = CocoaAyncSocketDemo;
			productReference = 6519CA061F2C6BC8009B8ABD /* CocoaAyncSocketDemo.app */;
			productType = "com.apple.product-type.application";
		};
		6519CA1E1F2C6BC8009B8ABD /* CocoaAyncSocketDemoTests */ = {
			isa = PBXNativeTarget;
			buildConfigurationList = 6519CA361F2C6BC8009B8ABD /* Build configuration list for PBXNativeTarget "CocoaAyncSocketDemoTests" */;
			buildPhases = (
				6519CA1B1F2C6BC8009B8ABD /* Sources */,
				6519CA1C1F2C6BC8009B8ABD /* Frameworks */,
				6519CA1D1F2C6BC8009B8ABD /* Resources */,
			);
			buildRules = (
			);
			dependencies = (
				6519CA211F2C6BC8009B8ABD /* PBXTargetDependency */,
			);
			name = CocoaAyncSocketDemoTests;
			productName = CocoaAyncSocketDemoTests;
			productReference = 6519CA1F1F2C6BC8009B8ABD /* CocoaAyncSocketDemoTests.xctest */;
			productType = "com.apple.product-type.bundle.unit-test";
		};
		6519CA291F2C6BC8009B8ABD /* CocoaAyncSocketDemoUITests */ = {
			isa = PBXNativeTarget;
			buildConfigurationList = 6519CA391F2C6BC8009B8ABD /* Build configuration list for PBXNativeTarget "CocoaAyncSocketDemoUITests" */;
			buildPhases = (
				6519CA261F2C6BC8009B8ABD /* Sources */,
				6519CA271F2C6BC8009B8ABD /* Frameworks */,
				6519CA281F2C6BC8009B8ABD /* Resources */,
			);
			buildRules = (
			);
			dependencies = (
				6519CA2C1F2C6BC8009B8ABD /* PBXTargetDependency */,
			);
			name = CocoaAyncSocketDemoUITests;
			productName = CocoaAyncSocketDemoUITests;
			productReference = 6519CA2A1F2C6BC8009B8ABD /* CocoaAyncSocketDemoUITests.xctest */;
			productType = "com.apple.product-type.bundle.ui-testing";
		};
/* End PBXNativeTarget section */

/* Begin PBXProject section */
		6519C9FE1F2C6BC7009B8ABD /* Project object */ = {
			isa = PBXProject;
			attributes = {
				LastUpgradeCheck = 0830;
				ORGANIZATIONNAME = FUHUI;
				TargetAttributes = {
					6519CA051F2C6BC8009B8ABD = {
						CreatedOnToolsVersion = 8.3.3;
						DevelopmentTeam = ND64TP974D;
						ProvisioningStyle = Automatic;
					};
					6519CA1E1F2C6BC8009B8ABD = {
						CreatedOnToolsVersion = 8.3.3;
						DevelopmentTeam = ND64TP974D;
						ProvisioningStyle = Automatic;
						TestTargetID = 6519CA051F2C6BC8009B8ABD;
					};
					6519CA291F2C6BC8009B8ABD = {
						CreatedOnToolsVersion = 8.3.3;
						DevelopmentTeam = ND64TP974D;
						ProvisioningStyle = Automatic;
						TestTargetID = 6519CA051F2C6BC8009B8ABD;
					};
				};
			};
			buildConfigurationList = 6519CA011F2C6BC7009B8ABD /* Build configuration list for PBXProject "CocoaAyncSocketDemo" */;
			compatibilityVersion = "Xcode 3.2";
			developmentRegion = English;
			hasScannedForEncodings = 0;
			knownRegions = (
				en,
				Base,
			);
			mainGroup = 6519C9FD1F2C6BC7009B8ABD;
			productRefGroup = 6519CA071F2C6BC8009B8ABD /* Products */;
			projectDirPath = "";
			projectRoot = "";
			targets = (
				6519CA051F2C6BC8009B8ABD /* CocoaAyncSocketDemo */,
				6519CA1E1F2C6BC8009B8ABD /* CocoaAyncSocketDemoTests */,
				6519CA291F2C6BC8009B8ABD /* CocoaAyncSocketDemoUITests */,
			);
		};
/* End PBXProject section */

/* Begin PBXResourcesBuildPhase section */
		6519CA041F2C6BC8009B8ABD /* Resources */ = {
			isa = PBXResourcesBuildPhase;
			buildActionMask = 2147483647;
			files = (
				6519CA191F2C6BC8009B8ABD /* LaunchScreen.storyboard in Resources */,
				6519CA161F2C6BC8009B8ABD /* Assets.xcassets in Resources */,
				6519CA141F2C6BC8009B8ABD /* Main.storyboard in Resources */,
			);
			runOnlyForDeploymentPostprocessing = 0;
		};
		6519CA1D1F2C6BC8009B8ABD /* Resources */ = {
			isa = PBXResourcesBuildPhase;
			buildActionMask = 2147483647;
			files = (
			);
			runOnlyForDeploymentPostprocessing = 0;
		};
		6519CA281F2C6BC8009B8ABD /* Resources */ = {
			isa = PBXResourcesBuildPhase;
			buildActionMask = 2147483647;
			files = (
			);
			runOnlyForDeploymentPostprocessing = 0;
		};
/* End PBXResourcesBuildPhase section */

/* Begin PBXShellScriptBuildPhase section */
		51EC6C420CECB832CA3543C0 /* [CP] Check Pods Manifest.lock */ = {
			isa = PBXShellScriptBuildPhase;
			buildActionMask = 2147483647;
			files = (
			);
			inputPaths = (
			);
			name = "[CP] Check Pods Manifest.lock";
			outputPaths = (
			);
			runOnlyForDeploymentPostprocessing = 0;
			shellPath = /bin/sh;
			shellScript = "diff \"${PODS_PODFILE_DIR_PATH}/Podfile.lock\" \"${PODS_ROOT}/Manifest.lock\" > /dev/null\nif [ $? != 0 ] ; then\n    # print error to STDERR\n    echo \"error: The sandbox is not in sync with the Podfile.lock. Run 'pod install' or update your CocoaPods installation.\" >&2\n    exit 1\nfi\n";
			showEnvVarsInLog = 0;
		};
		83E52705B5193ACDFACC0449 /* [CP] Copy Pods Resources */ = {
			isa = PBXShellScriptBuildPhase;
			buildActionMask = 2147483647;
			files = (
			);
			inputPaths = (
			);
			name = "[CP] Copy Pods Resources";
			outputPaths = (
			);
			runOnlyForDeploymentPostprocessing = 0;
			shellPath = /bin/sh;
			shellScript = "\"${SRCROOT}/Pods/Target Support Files/Pods-CocoaAyncSocketDemo/Pods-CocoaAyncSocketDemo-resources.sh\"\n";
			showEnvVarsInLog = 0;
		};
		EC3B372C3C48A143729CDCFE /* [CP] Embed Pods Frameworks */ = {
			isa = PBXShellScriptBuildPhase;
			buildActionMask = 2147483647;
			files = (
			);
			inputPaths = (
			);
			name = "[CP] Embed Pods Frameworks";
			outputPaths = (
			);
			runOnlyForDeploymentPostprocessing = 0;
			shellPath = /bin/sh;
			shellScript = "\"${SRCROOT}/Pods/Target Support Files/Pods-CocoaAyncSocketDemo/Pods-CocoaAyncSocketDemo-frameworks.sh\"\n";
			showEnvVarsInLog = 0;
		};
/* End PBXShellScriptBuildPhase section */

/* Begin PBXSourcesBuildPhase section */
		6519CA021F2C6BC8009B8ABD /* Sources */ = {
			isa = PBXSourcesBuildPhase;
			buildActionMask = 2147483647;
			files = (
				6519CA111F2C6BC8009B8ABD /* ViewController.m in Sources */,
				6519CA3F1F2C6BF8009B8ABD /* SocketDemo.m in Sources */,
				6519CA0E1F2C6BC8009B8ABD /* AppDelegate.m in Sources */,
				6519CA0B1F2C6BC8009B8ABD /* main.m in Sources */,
			);
			runOnlyForDeploymentPostprocessing = 0;
		};
		6519CA1B1F2C6BC8009B8ABD /* Sources */ = {
			isa = PBXSourcesBuildPhase;
			buildActionMask = 2147483647;
			files = (
				6519CA241F2C6BC8009B8ABD /* CocoaAyncSocketDemoTests.m in Sources */,
			);
			runOnlyForDeploymentPostprocessing = 0;
		};
		6519CA261F2C6BC8009B8ABD /* Sources */ = {
			isa = PBXSourcesBuildPhase;
			buildActionMask = 2147483647;
			files = (
				6519CA2F1F2C6BC8009B8ABD /* CocoaAyncSocketDemoUITests.m in Sources */,
			);
			runOnlyForDeploymentPostprocessing = 0;
		};
/* End PBXSourcesBuildPhase section */

/* Begin PBXTargetDependency section */
		6519CA211F2C6BC8009B8ABD /* PBXTargetDependency */ = {
			isa = PBXTargetDependency;
			target = 6519CA051F2C6BC8009B8ABD /* CocoaAyncSocketDemo */;
			targetProxy = 6519CA201F2C6BC8009B8ABD /* PBXContainerItemProxy */;
		};
		6519CA2C1F2C6BC8009B8ABD /* PBXTargetDependency */ = {
			isa = PBXTargetDependency;
			target = 6519CA051F2C6BC8009B8ABD /* CocoaAyncSocketDemo */;
			targetProxy = 6519CA2B1F2C6BC8009B8ABD /* PBXContainerItemProxy */;
		};
/* End PBXTargetDependency section */

/* Begin PBXVariantGroup section */
		6519CA121F2C6BC8009B8ABD /* Main.storyboard */ = {
			isa = PBXVariantGroup;
			children = (
				6519CA131F2C6BC8009B8ABD /* Base */,
			);
			name = Main.storyboard;
			sourceTree = "<group>";
		};
		6519CA171F2C6BC8009B8ABD /* LaunchScreen.storyboard */ = {
			isa = PBXVariantGroup;
			children = (
				6519CA181F2C6BC8009B8ABD /* Base */,
			);
			name = LaunchScreen.storyboard;
			sourceTree = "<group>";
		};
/* End PBXVariantGroup section */

/* Begin XCBuildConfiguration section */
		6519CA311F2C6BC8009B8ABD /* Debug */ = {
			isa = XCBuildConfiguration;
			buildSettings = {
				ALWAYS_SEARCH_USER_PATHS = NO;
				CLANG_ANALYZER_NONNULL = YES;
				CLANG_ANALYZER_NUMBER_OBJECT_CONVERSION = YES_AGGRESSIVE;
				CLANG_CXX_LANGUAGE_STANDARD = "gnu++0x";
				CLANG_CXX_LIBRARY = "libc++";
				CLANG_ENABLE_MODULES = YES;
				CLANG_ENABLE_OBJC_ARC = YES;
				CLANG_WARN_BOOL_CONVERSION = YES;
				CLANG_WARN_CONSTANT_CONVERSION = YES;
				CLANG_WARN_DIRECT_OBJC_ISA_USAGE = YES_ERROR;
				CLANG_WARN_DOCUMENTATION_COMMENTS = YES;
				CLANG_WARN_EMPTY_BODY = YES;
				CLANG_WARN_ENUM_CONVERSION = YES;
				CLANG_WARN_INFINITE_RECURSION = YES;
				CLANG_WARN_INT_CONVERSION = YES;
				CLANG_WARN_OBJC_ROOT_CLASS = YES_ERROR;
				CLANG_WARN_SUSPICIOUS_MOVE = YES;
				CLANG_WARN_UNREACHABLE_CODE = YES;
				CLANG_WARN__DUPLICATE_METHOD_MATCH = YES;
				"CODE_SIGN_IDENTITY[sdk=iphoneos*]" = "iPhone Developer";
				COPY_PHASE_STRIP = NO;
				DEBUG_INFORMATION_FORMAT = dwarf;
				ENABLE_STRICT_OBJC_MSGSEND = YES;
				ENABLE_TESTABILITY = YES;
				GCC_C_LANGUAGE_STANDARD = gnu99;
				GCC_DYNAMIC_NO_PIC = NO;
				GCC_NO_COMMON_BLOCKS = YES;
				GCC_OPTIMIZATION_LEVEL = 0;
				GCC_PREPROCESSOR_DEFINITIONS = (
					"DEBUG=1",
					"$(inherited)",
				);
				GCC_WARN_64_TO_32_BIT_CONVERSION = YES;
				GCC_WARN_ABOUT_RETURN_TYPE = YES_ERROR;
				GCC_WARN_UNDECLARED_SELECTOR = YES;
				GCC_WARN_UNINITIALIZED_AUTOS = YES_AGGRESSIVE;
				GCC_WARN_UNUSED_FUNCTION = YES;
				GCC_WARN_UNUSED_VARIABLE = YES;
				IPHONEOS_DEPLOYMENT_TARGET = 10.3;
				MTL_ENABLE_DEBUG_INFO = YES;
				ONLY_ACTIVE_ARCH = YES;
				SDKROOT = iphoneos;
				TARGETED_DEVICE_FAMILY = "1,2";
			};
			name = Debug;
		};
		6519CA321F2C6BC8009B8ABD /* Release */ = {
			isa = XCBuildConfiguration;
			buildSettings = {
				ALWAYS_SEARCH_USER_PATHS = NO;
				CLANG_ANALYZER_NONNULL = YES;
				CLANG_ANALYZER_NUMBER_OBJECT_CONVERSION = YES_AGGRESSIVE;
				CLANG_CXX_LANGUAGE_STANDARD = "gnu++0x";
				CLANG_CXX_LIBRARY = "libc++";
				CLANG_ENABLE_MODULES = YES;
				CLANG_ENABLE_OBJC_ARC = YES;
				CLANG_WARN_BOOL_CONVERSION = YES;
				CLANG_WARN_CONSTANT_CONVERSION = YES;
				CLANG_WARN_DIRECT_OBJC_ISA_USAGE = YES_ERROR;
				CLANG_WARN_DOCUMENTATION_COMMENTS = YES;
				CLANG_WARN_EMPTY_BODY = YES;
				CLANG_WARN_ENUM_CONVERSION = YES;
				CLANG_WARN_INFINITE_RECURSION = YES;
				CLANG_WARN_INT_CONVERSION = YES;
				CLANG_WARN_OBJC_ROOT_CLASS = YES_ERROR;
				CLANG_WARN_SUSPICIOUS_MOVE = YES;
				CLANG_WARN_UNREACHABLE_CODE = YES;
				CLANG_WARN__DUPLICATE_METHOD_MATCH = YES;
				"CODE_SIGN_IDENTITY[sdk=iphoneos*]" = "iPhone Developer";
				COPY_PHASE_STRIP = NO;
				DEBUG_INFORMATION_FORMAT = "dwarf-with-dsym";
				ENABLE_NS_ASSERTIONS = NO;
				ENABLE_STRICT_OBJC_MSGSEND = YES;
				GCC_C_LANGUAGE_STANDARD = gnu99;
				GCC_NO_COMMON_BLOCKS = YES;
				GCC_WARN_64_TO_32_BIT_CONVERSION = YES;
				GCC_WARN_ABOUT_RETURN_TYPE = YES_ERROR;
				GCC_WARN_UNDECLARED_SELECTOR = YES;
				GCC_WARN_UNINITIALIZED_AUTOS = YES_AGGRESSIVE;
				GCC_WARN_UNUSED_FUNCTION = YES;
				GCC_WARN_UNUSED_VARIABLE = YES;
				IPHONEOS_DEPLOYMENT_TARGET = 10.3;
				MTL_ENABLE_DEBUG_INFO = NO;
				SDKROOT = iphoneos;
				TARGETED_DEVICE_FAMILY = "1,2";
				VALIDATE_PRODUCT = YES;
			};
			name = Release;
		};
		6519CA341F2C6BC8009B8ABD /* Debug */ = {
			isa = XCBuildConfiguration;
			baseConfigurationReference = 81F11F6B53C3ACD6F33D243F /* Pods-CocoaAyncSocketDemo.debug.xcconfig */;
			buildSettings = {
				ASSETCATALOG_COMPILER_APPICON_NAME = AppIcon;
				DEVELOPMENT_TEAM = ND64TP974D;
				INFOPLIST_FILE = CocoaAyncSocketDemo/Info.plist;
				LD_RUNPATH_SEARCH_PATHS = "$(inherited) @executable_path/Frameworks";
				PRODUCT_BUNDLE_IDENTIFIER = com.enuui.CocoaAyncSocketDemo;
				PRODUCT_NAME = "$(TARGET_NAME)";
			};
			name = Debug;
		};
		6519CA351F2C6BC8009B8ABD /* Release */ = {
			isa = XCBuildConfiguration;
			baseConfigurationReference = 988B6B379E8D32D2FC602BDE /* Pods-CocoaAyncSocketDemo.release.xcconfig */;
			buildSettings = {
				ASSETCATALOG_COMPILER_APPICON_NAME = AppIcon;
				DEVELOPMENT_TEAM = ND64TP974D;
				INFOPLIST_FILE = CocoaAyncSocketDemo/Info.plist;
				LD_RUNPATH_SEARCH_PATHS = "$(inherited) @executable_path/Frameworks";
				PRODUCT_BUNDLE_IDENTIFIER = com.enuui.CocoaAyncSocketDemo;
				PRODUCT_NAME = "$(TARGET_NAME)";
			};
			name = Release;
		};
		6519CA371F2C6BC8009B8ABD /* Debug */ = {
			isa = XCBuildConfiguration;
			buildSettings = {
				BUNDLE_LOADER = "$(TEST_HOST)";
				DEVELOPMENT_TEAM = ND64TP974D;
				INFOPLIST_FILE = CocoaAyncSocketDemoTests/Info.plist;
				LD_RUNPATH_SEARCH_PATHS = "$(inherited) @executable_path/Frameworks @loader_path/Frameworks";
				PRODUCT_BUNDLE_IDENTIFIER = com.enuui.CocoaAyncSocketDemoTests;
				PRODUCT_NAME = "$(TARGET_NAME)";
				TEST_HOST = "$(BUILT_PRODUCTS_DIR)/CocoaAyncSocketDemo.app/CocoaAyncSocketDemo";
			};
			name = Debug;
		};
		6519CA381F2C6BC8009B8ABD /* Release */ = {
			isa = XCBuildConfiguration;
			buildSettings = {
				BUNDLE_LOADER = "$(TEST_HOST)";
				DEVELOPMENT_TEAM = ND64TP974D;
				INFOPLIST_FILE = CocoaAyncSocketDemoTests/Info.plist;
				LD_RUNPATH_SEARCH_PATHS = "$(inherited) @executable_path/Frameworks @loader_path/Frameworks";
				PRODUCT_BUNDLE_IDENTIFIER = com.enuui.CocoaAyncSocketDemoTests;
				PRODUCT_NAME = "$(TARGET_NAME)";
				TEST_HOST = "$(BUILT_PRODUCTS_DIR)/CocoaAyncSocketDemo.app/CocoaAyncSocketDemo";
			};
			name = Release;
		};
		6519CA3A1F2C6BC8009B8ABD /* Debug */ = {
			isa = XCBuildConfiguration;
			buildSettings = {
				DEVELOPMENT_TEAM = ND64TP974D;
				INFOPLIST_FILE = CocoaAyncSocketDemoUITests/Info.plist;
				LD_RUNPATH_SEARCH_PATHS = "$(inherited) @executable_path/Frameworks @loader_path/Frameworks";
				PRODUCT_BUNDLE_IDENTIFIER = com.enuui.CocoaAyncSocketDemoUITests;
				PRODUCT_NAME = "$(TARGET_NAME)";
				TEST_TARGET_NAME = CocoaAyncSocketDemo;
			};
			name = Debug;
		};
		6519CA3B1F2C6BC8009B8ABD /* Release */ = {
			isa = XCBuildConfiguration;
			buildSettings = {
				DEVELOPMENT_TEAM = ND64TP974D;
				INFOPLIST_FILE = CocoaAyncSocketDemoUITests/Info.plist;
				LD_RUNPATH_SEARCH_PATHS = "$(inherited) @executable_path/Frameworks @loader_path/Frameworks";
				PRODUCT_BUNDLE_IDENTIFIER = com.enuui.CocoaAyncSocketDemoUITests;
				PRODUCT_NAME = "$(TARGET_NAME)";
				TEST_TARGET_NAME = CocoaAyncSocketDemo;
			};
			name = Release;
		};
/* End XCBuildConfiguration section */

/* Begin XCConfigurationList section */
		6519CA011F2C6BC7009B8ABD /* Build configuration list for PBXProject "CocoaAyncSocketDemo" */ = {
			isa = XCConfigurationList;
			buildConfigurations = (
				6519CA311F2C6BC8009B8ABD /* Debug */,
				6519CA321F2C6BC8009B8ABD /* Release */,
			);
			defaultConfigurationIsVisible = 0;
			defaultConfigurationName = Release;
		};
		6519CA331F2C6BC8009B8ABD /* Build configuration list for PBXNativeTarget "CocoaAyncSocketDemo" */ = {
			isa = XCConfigurationList;
			buildConfigurations = (
				6519CA341F2C6BC8009B8ABD /* Debug */,
				6519CA351F2C6BC8009B8ABD /* Release */,
			);
			defaultConfigurationIsVisible = 0;
			defaultConfigurationName = Release;
		};
		6519CA361F2C6BC8009B8ABD /* Build configuration list for PBXNativeTarget "CocoaAyncSocketDemoTests" */ = {
			isa = XCConfigurationList;
			buildConfigurations = (
				6519CA371F2C6BC8009B8ABD /* Debug */,
				6519CA381F2C6BC8009B8ABD /* Release */,
			);
			defaultConfigurationIsVisible = 0;
			defaultConfigurationName = Release;
		};
		6519CA391F2C6BC8009B8ABD /* Build configuration list for PBXNativeTarget "CocoaAyncSocketDemoUITests" */ = {
			isa = XCConfigurationList;
			buildConfigurations = (
				6519CA3A1F2C6BC8009B8ABD /* Debug */,
				6519CA3B1F2C6BC8009B8ABD /* Release */,
			);
			defaultConfigurationIsVisible = 0;
			defaultConfigurationName = Release;
		};
/* End XCConfigurationList section */
	};
	rootObject = 6519C9FE1F2C6BC7009B8ABD /* Project object */;
}
